
Microsoft Visual Studio Solution File, Format Version 12.00
# Visual Studio Version 17
VisualStudioVersion = 17.6.33815.320
MinimumVisualStudioVersion = 10.0.40219.1
Project("{FAE04EC0-301F-11D3-BF4B-00C04F79EFBC}") = "UseServiceScopeAndPaging", "UseServiceScopeAndPaging\UseServiceScopeAndPaging.csproj", "{1ED08880-0451-481C-BCDD-06ED18668888}"
EndProject
Project("{FAE04EC0-301F-11D3-BF4B-00C04F79EFBC}") = "Domain", "Domain\Domain.csproj", "{855F932E-914C-4827-9226-502E30ABB400}"
EndProject
Project("{2150E333-8FDC-42A3-9474-1A3956D46DE8}") = "Solution Items", "Solution Items", "{A78D157B-AA71-4100-B300-D121933D2833}"
	ProjectSection(SolutionItems) = preProject
		Directory.Build.targets = Directory.Build.targets
	EndProjectSection
EndProject
Project("{FAE04EC0-301F-11D3-BF4B-00C04F79EFBC}") = "Infrastructure", "Infrastructure\Infrastructure.csproj", "{43A9BAF1-1499-484A-97E1-64FDB9246E90}"
EndProject
Project("{E53339B2-1760-4266-BCC7-CA923CBCF16C}") = "docker-compose", "docker-compose.dcproj", "{C5A60B3F-A1FC-406C-93E3-EBEFC5DEF872}"
EndProject
Global
	GlobalSection(SolutionConfigurationPlatforms) = preSolution
		Debug|Any CPU = Debug|Any CPU
		Release|Any CPU = Release|Any CPU
	EndGlobalSection
	GlobalSection(ProjectConfigurationPlatforms) = postSolution
		{1ED08880-0451-481C-BCDD-06ED18668888}.Debug|Any CPU.ActiveCfg = Debug|Any CPU
		{1ED08880-0451-481C-BCDD-06ED18668888}.Debug|Any CPU.Build.0 = Debug|Any CPU
		{1ED08880-0451-481C-BCDD-06ED18668888}.Release|Any CPU.ActiveCfg = Release|Any CPU
		{1ED08880-0451-481C-BCDD-06ED18668888}.Release|Any CPU.Build.0 = Release|Any CPU
		{855F932E-914C-4827-9226-502E30ABB400}.Debug|Any CPU.ActiveCfg = Debug|Any CPU
		{855F932E-914C-4827-9226-502E30ABB400}.Debug|Any CPU.Build.0 = Debug|Any CPU
		{855F932E-914C-4827-9226-502E30ABB400}.Release|Any CPU.ActiveCfg = Release|Any CPU
		{855F932E-914C-4827-9226-502E30ABB400}.Release|Any CPU.Build.0 = Release|Any CPU
		{43A9BAF1-1499-484A-97E1-64FDB9246E90}.Debug|Any CPU.ActiveCfg = Debug|Any CPU
		{43A9BAF1-1499-484A-97E1-64FDB9246E90}.Debug|Any CPU.Build.0 = Debug|Any CPU
		{43A9BAF1-1499-484A-97E1-64FDB9246E90}.Release|Any CPU.ActiveCfg = Release|Any CPU
		{43A9BAF1-1499-484A-97E1-64FDB9246E90}.Release|Any CPU.Build.0 = Release|Any CPU
		{C5A60B3F-A1FC-406C-93E3-EBEFC5DEF872}.Debug|Any CPU.ActiveCfg = Debug|Any CPU
		{C5A60B3F-A1FC-406C-93E3-EBEFC5DEF872}.Debug|Any CPU.Build.0 = Debug|Any CPU
		{C5A60B3F-A1FC-406C-93E3-EBEFC5DEF872}.Release|Any CPU.ActiveCfg = Release|Any CPU
		{C5A60B3F-A1FC-406C-93E3-EBEFC5DEF872}.Release|Any CPU.Build.0 = Release|Any CPU
	EndGlobalSection
	GlobalSection(SolutionProperties) = preSolution
		HideSolutionNode = FALSE
	EndGlobalSection
	GlobalSection(ExtensibilityGlobals) = postSolution
		SolutionGuid = {941C5AD4-A45F-4CA1-9C88-F850337049B4}
	EndGlobalSection
EndGlobal
